
Microsoft Visual Studio Solution File, Format Version 10.00
# Visual Studio 2008
Project("{8BC9CEB8-8B4A-11D0-8D11-00A0C91BC942}") = "2017061403", "2017061403\2017061403.vcproj", "{16CFDB53-EF34-4635-AB5F-2C7C2DD6DC4F}"
EndProject
Global
	GlobalSection(SolutionConfigurationPlatforms) = preSolution
		Debug|Win32 = Debug|Win32
		Release|Win32 = Release|Win32
	EndGlobalSection
	GlobalSection(ProjectConfigurationPlatforms) = postSolution
		{16CFDB53-EF34-4635-AB5F-2C7C2DD6DC4F}.Debug|Win32.ActiveCfg = Debug|Win32
		{16CFDB53-EF34-4635-AB5F-2C7C2DD6DC4F}.Debug|Win32.Build.0 = Debug|Win32
		{16CFDB53-EF34-4635-AB5F-2C7C2DD6DC4F}.Release|Win32.ActiveCfg = Release|Win32
		{16CFDB53-EF34-4635-AB5F-2C7C2DD6DC4F}.Release|Win32.Build.0 = Release|Win32
	EndGlobalSection
	GlobalSection(SolutionProperties) = preSolution
		HideSolutionNode = FALSE
	EndGlobalSection
EndGlobal
